
Microsoft Visual Studio Solution File, Format Version 12.00
# Visual Studio Version 17
VisualStudioVersion = 17.8.34330.188
MinimumVisualStudioVersion = 10.0.40219.1
Project("{FAE04EC0-301F-11D3-BF4B-00C04F79EFBC}") = "WinFormsApp1", "WinFormsApp1\WinFormsApp1.csproj", "{D7639FF6-5838-418F-BBA6-6A381022328F}"
EndProject
Global
	GlobalSection(SolutionConfigurationPlatforms) = preSolution
		Debug|Any CPU = Debug|Any CPU
		Release|Any CPU = Release|Any CPU
	EndGlobalSection
	GlobalSection(ProjectConfigurationPlatforms) = postSolution
		{D7639FF6-5838-418F-BBA6-6A381022328F}.Debug|Any CPU.ActiveCfg = Debug|Any CPU
		{D7639FF6-5838-418F-BBA6-6A381022328F}.Debug|Any CPU.Build.0 = Debug|Any CPU
		{D7639FF6-5838-418F-BBA6-6A381022328F}.Release|Any CPU.ActiveCfg = Release|Any CPU
		{D7639FF6-5838-418F-BBA6-6A381022328F}.Release|Any CPU.Build.0 = Release|Any CPU
	EndGlobalSection
	GlobalSection(SolutionProperties) = preSolution
		HideSolutionNode = FALSE
	EndGlobalSection
	GlobalSection(ExtensibilityGlobals) = postSolution
		SolutionGuid = {9C5FBD84-8503-4082-8CE4-2930E7EE4081}
	EndGlobalSection
EndGlobal
